
Microsoft Visual Studio Solution File, Format Version 12.00
# Visual Studio Version 16
VisualStudioVersion = 16.0.31702.278
MinimumVisualStudioVersion = 10.0.40219.1
Project("{9A19103F-16F7-4668-BE54-9A1E7A4F7556}") = "FileDownloaderDemoApp", "FileDownloaderDemoApp\FileDownloaderDemoApp.csproj", "{7E3F827A-675B-4C14-8602-164758EC3386}"
EndProject
Project("{9A19103F-16F7-4668-BE54-9A1E7A4F7556}") = "FileDownloader", "FileDownloader\FileDownloader.csproj", "{F7C06B0C-7324-4FD2-B720-525DE9A0357F}"
EndProject
Global
	GlobalSection(SolutionConfigurationPlatforms) = preSolution
		Debug|Any CPU = Debug|Any CPU
		Debug|ARM = Debug|ARM
		Debug|ARM64 = Debug|ARM64
		Debug|x64 = Debug|x64
		Debug|x86 = Debug|x86
		Release|Any CPU = Release|Any CPU
		Release|ARM = Release|ARM
		Release|ARM64 = Release|ARM64
		Release|x64 = Release|x64
		Release|x86 = Release|x86
	EndGlobalSection
	GlobalSection(ProjectConfigurationPlatforms) = postSolution
		{7E3F827A-675B-4C14-8602-164758EC3386}.Debug|Any CPU.ActiveCfg = Debug|Any CPU
		{7E3F827A-675B-4C14-8602-164758EC3386}.Debug|Any CPU.Build.0 = Debug|Any CPU
		{7E3F827A-675B-4C14-8602-164758EC3386}.Debug|ARM.ActiveCfg = Debug|Any CPU
		{7E3F827A-675B-4C14-8602-164758EC3386}.Debug|ARM.Build.0 = Debug|Any CPU
		{7E3F827A-675B-4C14-8602-164758EC3386}.Debug|ARM64.ActiveCfg = Debug|Any CPU
		{7E3F827A-675B-4C14-8602-164758EC3386}.Debug|ARM64.Build.0 = Debug|Any CPU
		{7E3F827A-675B-4C14-8602-164758EC3386}.Debug|x64.ActiveCfg = Debug|Any CPU
		{7E3F827A-675B-4C14-8602-164758EC3386}.Debug|x64.Build.0 = Debug|Any CPU
		{7E3F827A-675B-4C14-8602-164758EC3386}.Debug|x86.ActiveCfg = Debug|Any CPU
		{7E3F827A-675B-4C14-8602-164758EC3386}.Debug|x86.Build.0 = Debug|Any CPU
		{7E3F827A-675B-4C14-8602-164758EC3386}.Release|Any CPU.ActiveCfg = Release|Any CPU
		{7E3F827A-675B-4C14-8602-164758EC3386}.Release|Any CPU.Build.0 = Release|Any CPU
		{7E3F827A-675B-4C14-8602-164758EC3386}.Release|ARM.ActiveCfg = Release|Any CPU
		{7E3F827A-675B-4C14-8602-164758EC3386}.Release|ARM.Build.0 = Release|Any CPU
		{7E3F827A-675B-4C14-8602-164758EC3386}.Release|ARM64.ActiveCfg = Release|Any CPU
		{7E3F827A-675B-4C14-8602-164758EC3386}.Release|ARM64.Build.0 = Release|Any CPU
		{7E3F827A-675B-4C14-8602-164758EC3386}.Release|x64.ActiveCfg = Release|Any CPU
		{7E3F827A-675B-4C14-8602-164758EC3386}.Release|x64.Build.0 = Release|Any CPU
		{7E3F827A-675B-4C14-8602-164758EC3386}.Release|x86.ActiveCfg = Release|Any CPU
		{7E3F827A-675B-4C14-8602-164758EC3386}.Release|x86.Build.0 = Release|Any CPU
		{F7C06B0C-7324-4FD2-B720-525DE9A0357F}.Debug|Any CPU.ActiveCfg = Debug|Any CPU
		{F7C06B0C-7324-4FD2-B720-525DE9A0357F}.Debug|Any CPU.Build.0 = Debug|Any CPU
		{F7C06B0C-7324-4FD2-B720-525DE9A0357F}.Debug|ARM.ActiveCfg = Debug|Any CPU
		{F7C06B0C-7324-4FD2-B720-525DE9A0357F}.Debug|ARM.Build.0 = Debug|Any CPU
		{F7C06B0C-7324-4FD2-B720-525DE9A0357F}.Debug|ARM64.ActiveCfg = Debug|Any CPU
		{F7C06B0C-7324-4FD2-B720-525DE9A0357F}.Debug|ARM64.Build.0 = Debug|Any CPU
		{F7C06B0C-7324-4FD2-B720-525DE9A0357F}.Debug|x64.ActiveCfg = Debug|Any CPU
		{F7C06B0C-7324-4FD2-B720-525DE9A0357F}.Debug|x64.Build.0 = Debug|Any CPU
		{F7C06B0C-7324-4FD2-B720-525DE9A0357F}.Debug|x86.ActiveCfg = Debug|Any CPU
		{F7C06B0C-7324-4FD2-B720-525DE9A0357F}.Debug|x86.Build.0 = Debug|Any CPU
		{F7C06B0C-7324-4FD2-B720-525DE9A0357F}.Release|Any CPU.ActiveCfg = Release|Any CPU
		{F7C06B0C-7324-4FD2-B720-525DE9A0357F}.Release|Any CPU.Build.0 = Release|Any CPU
		{F7C06B0C-7324-4FD2-B720-525DE9A0357F}.Release|ARM.ActiveCfg = Release|Any CPU
		{F7C06B0C-7324-4FD2-B720-525DE9A0357F}.Release|ARM.Build.0 = Release|Any CPU
		{F7C06B0C-7324-4FD2-B720-525DE9A0357F}.Release|ARM64.ActiveCfg = Release|Any CPU
		{F7C06B0C-7324-4FD2-B720-525DE9A0357F}.Release|ARM64.Build.0 = Release|Any CPU
		{F7C06B0C-7324-4FD2-B720-525DE9A0357F}.Release|x64.ActiveCfg = Release|Any CPU
		{F7C06B0C-7324-4FD2-B720-525DE9A0357F}.Release|x64.Build.0 = Release|Any CPU
		{F7C06B0C-7324-4FD2-B720-525DE9A0357F}.Release|x86.ActiveCfg = Release|Any CPU
		{F7C06B0C-7324-4FD2-B720-525DE9A0357F}.Release|x86.Build.0 = Release|Any CPU
	EndGlobalSection
	GlobalSection(SolutionProperties) = preSolution
		HideSolutionNode = FALSE
	EndGlobalSection
	GlobalSection(ExtensibilityGlobals) = postSolution
		SolutionGuid = {6EF1170E-4E2D-4B3F-B8D9-862347F58D8B}
	EndGlobalSection
EndGlobal
